PODS:
  - SocketRocket (0.5.1)
  - WeexSDK (0.9.5):
    - SocketRocket

DEPENDENCIES:
  - WeexSDK (from `ios/sdk/`)

EXTERNAL SOURCES:
  WeexSDK:
    :path: ios/sdk/

SPEC CHECKSUMS:
  SocketRocket: d57c7159b83c3c6655745cd15302aa24b6bae531
  WeexSDK: 1deeace52d35cc976a0cf88409d13a650dfaf33e

PODFILE CHECKSUM: aa64afdb64ea256133d09f1d0ab53eed2725058e

COCOAPODS: 1.4.0.beta.2
