// !$*UTF8*$!
{
	archiveVersion = 1;
	classes = {
	};
	objectVersion = 46;
	objects = {

/* Begin PBXBuildFile section */
		CAA8D7A8446B7F9AB91EC563 /* libPods-weexTestProject.a in Frameworks */ = {isa = PBXBuildFile; fileRef = D4D2E3E32DD2B3E6F0BE4503 /* libPods-weexTestProject.a */; };
		F96429291FC3146C00C6AB3A /* main.m in Sources */ = {isa = PBXBuildFile; fileRef = F96429281FC3146C00C6AB3A /* main.m */; };
		F964292C1FC3146D00C6AB3A /* AppDelegate.m in Sources */ = {isa = PBXBuildFile; fileRef = F964292B1FC3146D00C6AB3A /* AppDelegate.m */; };
		F964292F1FC3146D00C6AB3A /* ViewController.m in Sources */ = {isa = PBXBuildFile; fileRef = F964292E1FC3146D00C6AB3A /* ViewController.m */; };
		F96429321FC3146D00C6AB3A /* Main.storyboard in Resources */ = {isa = PBXBuildFile; fileRef = F96429301FC3146D00C6AB3A /* Main.storyboard */; };
		F96429341FC3146D00C6AB3A /* Assets.xcassets in Resources */ = {isa = PBXBuildFile; fileRef = F96429331FC3146D00C6AB3A /* Assets.xcassets */; };
		F96429371FC3146D00C6AB3A /* LaunchScreen.storyboard in Resources */ = {isa = PBXBuildFile; fileRef = F96429351FC3146D00C6AB3A /* LaunchScreen.storyboard */; };
		F9FC03BD1FC3C12600D2BBD5 /* main.js in Resources */ = {isa = PBXBuildFile; fileRef = F9FC03BB1FC3C12600D2BBD5 /* main.js */; };
		F9FC03BE1FC3C12600D2BBD5 /* hello.js in Resources */ = {isa = PBXBuildFile; fileRef = F9FC03BC1FC3C12600D2BBD5 /* hello.js */; };
/* End PBXBuildFile section */

/* Begin PBXFileReference section */
		6879F6B2F165DA4AA786F87F /* Pods-weexTestProject.debug.xcconfig */ = {isa = PBXFileReference; includeInIndex = 1; lastKnownFileType = text.xcconfig; name = "Pods-weexTestProject.debug.xcconfig"; path = "Pods/Target Support Files/Pods-weexTestProject/Pods-weexTestProject.debug.xcconfig"; sourceTree = "<group>"; };
		8B8A35CEDBAF00958D197C25 /* Pods-weexTestProject.release.xcconfig */ = {isa = PBXFileReference; includeInIndex = 1; lastKnownFileType = text.xcconfig; name = "Pods-weexTestProject.release.xcconfig"; path = "Pods/Target Support Files/Pods-weexTestProject/Pods-weexTestProject.release.xcconfig"; sourceTree = "<group>"; };
		D4D2E3E32DD2B3E6F0BE4503 /* libPods-weexTestProject.a */ = {isa = PBXFileReference; explicitFileType = archive.ar; includeInIndex = 0; path = "libPods-weexTestProject.a"; sourceTree = BUILT_PRODUCTS_DIR; };
		F96429241FC3146C00C6AB3A /* weexTestProject.app */ = {isa = PBXFileReference; explicitFileType = wrapper.application; includeInIndex = 0; path = weexTestProject.app; sourceTree = BUILT_PRODUCTS_DIR; };
		F96429281FC3146C00C6AB3A /* main.m */ = {isa = PBXFileReference; lastKnownFileType = sourcecode.c.objc; path = main.m; sourceTree = "<group>"; };
		F964292A1FC3146D00C6AB3A /* AppDelegate.h */ = {isa = PBXFileReference; lastKnownFileType = sourcecode.c.h; path = AppDelegate.h; sourceTree = "<group>"; };
		F964292B1FC3146D00C6AB3A /* AppDelegate.m */ = {isa = PBXFileReference; lastKnownFileType = sourcecode.c.objc; path = AppDelegate.m; sourceTree = "<group>"; };
		F964292D1FC3146D00C6AB3A /* ViewController.h */ = {isa = PBXFileReference; lastKnownFileType = sourcecode.c.h; path = ViewController.h; sourceTree = "<group>"; };
		F964292E1FC3146D00C6AB3A /* ViewController.m */ = {isa = PBXFileReference; lastKnownFileType = sourcecode.c.objc; path = ViewController.m; sourceTree = "<group>"; };
		F96429311FC3146D00C6AB3A /* Base */ = {isa = PBXFileReference; lastKnownFileType = file.storyboard; name = Base; path = Base.lproj/Main.storyboard; sourceTree = "<group>"; };
		F96429331FC3146D00C6AB3A /* Assets.xcassets */ = {isa = PBXFileReference; lastKnownFileType = folder.assetcatalog; path = Assets.xcassets; sourceTree = "<group>"; };
		F96429361FC3146D00C6AB3A /* Base */ = {isa = PBXFileReference; lastKnownFileType = file.storyboard; name = Base; path = Base.lproj/LaunchScreen.storyboard; sourceTree = "<group>"; };
		F96429381FC3146D00C6AB3A /* Info.plist */ = {isa = PBXFileReference; lastKnownFileType = text.plist.xml; path = Info.plist; sourceTree = "<group>"; };
		F9FC03BB1FC3C12600D2BBD5 /* main.js */ = {isa = PBXFileReference; fileEncoding = 4; lastKnownFileType = sourcecode.javascript; path = main.js; sourceTree = "<group>"; };
		F9FC03BC1FC3C12600D2BBD5 /* hello.js */ = {isa = PBXFileReference; fileEncoding = 4; lastKnownFileType = sourcecode.javascript; path = hello.js; sourceTree = "<group>"; };
/* End PBXFileReference section */

/* Begin PBXFrameworksBuildPhase section */
		F96429211FC3146C00C6AB3A /* Frameworks */ = {
			isa = PBXFrameworksBuildPhase;
			buildActionMask = 2147483647;
			files = (
				CAA8D7A8446B7F9AB91EC563 /* libPods-weexTestProject.a in Frameworks */,
			);
			runOnlyForDeploymentPostprocessing = 0;
		};
/* End PBXFrameworksBuildPhase section */

/* Begin PBXGroup section */
		7E98566CBA01084DE9CFE564 /* Frameworks */ = {
			isa = PBXGroup;
			children = (
				D4D2E3E32DD2B3E6F0BE4503 /* libPods-weexTestProject.a */,
			);
			name = Frameworks;
			sourceTree = "<group>";
		};
		D57E93FB4AA61F8C38698C33 /* Pods */ = {
			isa = PBXGroup;
			children = (
				6879F6B2F165DA4AA786F87F /* Pods-weexTestProject.debug.xcconfig */,
				8B8A35CEDBAF00958D197C25 /* Pods-weexTestProject.release.xcconfig */,
			);
			name = Pods;
			sourceTree = "<group>";
		};
		F964291B1FC3146C00C6AB3A = {
			isa = PBXGroup;
			children = (
				F96429261FC3146C00C6AB3A /* weexTestProject */,
				F96429251FC3146C00C6AB3A /* Products */,
				D57E93FB4AA61F8C38698C33 /* Pods */,
				7E98566CBA01084DE9CFE564 /* Frameworks */,
			);
			sourceTree = "<group>";
		};
		F96429251FC3146C00C6AB3A /* Products */ = {
			isa = PBXGroup;
			children = (
				F96429241FC3146C00C6AB3A /* weexTestProject.app */,
			);
			name = Products;
			sourceTree = "<group>";
		};
		F96429261FC3146C00C6AB3A /* weexTestProject */ = {
			isa = PBXGroup;
			children = (
				F9FC03BA1FC3BD3C00D2BBD5 /* Resource */,
				F964292A1FC3146D00C6AB3A /* AppDelegate.h */,
				F964292B1FC3146D00C6AB3A /* AppDelegate.m */,
				F964292D1FC3146D00C6AB3A /* ViewController.h */,
				F964292E1FC3146D00C6AB3A /* ViewController.m */,
				F96429301FC3146D00C6AB3A /* Main.storyboard */,
				F96429331FC3146D00C6AB3A /* Assets.xcassets */,
				F96429351FC3146D00C6AB3A /* LaunchScreen.storyboard */,
				F96429381FC3146D00C6AB3A /* Info.plist */,
				F96429271FC3146C00C6AB3A /* Supporting Files */,
			);
			path = weexTestProject;
			sourceTree = "<group>";
		};
		F96429271FC3146C00C6AB3A /* Supporting Files */ = {
			isa = PBXGroup;
			children = (
				F96429281FC3146C00C6AB3A /* main.m */,
			);
			name = "Supporting Files";
			sourceTree = "<group>";
		};
		F9FC03BA1FC3BD3C00D2BBD5 /* Resource */ = {
			isa = PBXGroup;
			children = (
				F9FC03BB1FC3C12600D2BBD5 /* main.js */,
				F9FC03BC1FC3C12600D2BBD5 /* hello.js */,
			);
			path = Resource;
			sourceTree = "<group>";
		};
/* End PBXGroup section */

/* Begin PBXNativeTarget section */
		F96429231FC3146C00C6AB3A /* weexTestProject */ = {
			isa = PBXNativeTarget;
			buildConfigurationList = F964293B1FC3146D00C6AB3A /* Build configuration list for PBXNativeTarget "weexTestProject" */;
			buildPhases = (
				61EA6D82720EAA7A96AF928D /* [CP] Check Pods Manifest.lock */,
				F96429201FC3146C00C6AB3A /* Sources */,
				F96429211FC3146C00C6AB3A /* Frameworks */,
				F96429221FC3146C00C6AB3A /* Resources */,
				D39C0B462B4F883F4800A5C0 /* [CP] Embed Pods Frameworks */,
				DC8393BF6189BF5D6FC7ABD8 /* [CP] Copy Pods Resources */,
			);
			buildRules = (
			);
			dependencies = (
			);
			name = weexTestProject;
			productName = weexTestProject;
			productReference = F96429241FC3146C00C6AB3A /* weexTestProject.app */;
			productType = "com.apple.product-type.application";
		};
/* End PBXNativeTarget section */

/* Begin PBXProject section */
		F964291C1FC3146C00C6AB3A /* Project object */ = {
			isa = PBXProject;
			attributes = {
				LastUpgradeCheck = 0730;
				ORGANIZATIONNAME = "heng wu";
				TargetAttributes = {
					F96429231FC3146C00C6AB3A = {
						CreatedOnToolsVersion = 7.3.1;
					};
				};
			};
			buildConfigurationList = F964291F1FC3146C00C6AB3A /* Build configuration list for PBXProject "weexTestProject" */;
			compatibilityVersion = "Xcode 3.2";
			developmentRegion = English;
			hasScannedForEncodings = 0;
			knownRegions = (
				en,
				Base,
			);
			mainGroup = F964291B1FC3146C00C6AB3A;
			productRefGroup = F96429251FC3146C00C6AB3A /* Products */;
			projectDirPath = "";
			projectRoot = "";
			targets = (
				F96429231FC3146C00C6AB3A /* weexTestProject */,
			);
		};
/* End PBXProject section */

/* Begin PBXResourcesBuildPhase section */
		F96429221FC3146C00C6AB3A /* Resources */ = {
			isa = PBXResourcesBuildPhase;
			buildActionMask = 2147483647;
			files = (
				F96429371FC3146D00C6AB3A /* LaunchScreen.storyboard in Resources */,
				F9FC03BE1FC3C12600D2BBD5 /* hello.js in Resources */,
				F96429341FC3146D00C6AB3A /* Assets.xcassets in Resources */,
				F96429321FC3146D00C6AB3A /* Main.storyboard in Resources */,
				F9FC03BD1FC3C12600D2BBD5 /* main.js in Resources */,
			);
			runOnlyForDeploymentPostprocessing = 0;
		};
/* End PBXResourcesBuildPhase section */

/* Begin PBXShellScriptBuildPhase section */
		61EA6D82720EAA7A96AF928D /* [CP] Check Pods Manifest.lock */ = {
			isa = PBXShellScriptBuildPhase;
			buildActionMask = 2147483647;
			files = (
			);
			inputPaths = (
				"${PODS_PODFILE_DIR_PATH}/Podfile.lock",
				"${PODS_ROOT}/Manifest.lock",
			);
			name = "[CP] Check Pods Manifest.lock";
			outputPaths = (
				"$(DERIVED_FILE_DIR)/Pods-weexTestProject-checkManifestLockResult.txt",
			);
			runOnlyForDeploymentPostprocessing = 0;
			shellPath = /bin/sh;
			shellScript = "diff \"${PODS_PODFILE_DIR_PATH}/Podfile.lock\" \"${PODS_ROOT}/Manifest.lock\" > /dev/null\nif [ $? != 0 ] ; then\n    # print error to STDERR\n    echo \"error: The sandbox is not in sync with the Podfile.lock. Run 'pod install' or update your CocoaPods installation.\" >&2\n    exit 1\nfi\n# This output is used by Xcode 'outputs' to avoid re-running this script phase.\necho \"SUCCESS\" > \"${SCRIPT_OUTPUT_FILE_0}\"\n";
			showEnvVarsInLog = 0;
		};
		D39C0B462B4F883F4800A5C0 /* [CP] Embed Pods Frameworks */ = {
			isa = PBXShellScriptBuildPhase;
			buildActionMask = 2147483647;
			files = (
			);
			inputPaths = (
			);
			name = "[CP] Embed Pods Frameworks";
			outputPaths = (
			);
			runOnlyForDeploymentPostprocessing = 0;
			shellPath = /bin/sh;
			shellScript = "\"${SRCROOT}/Pods/Target Support Files/Pods-weexTestProject/Pods-weexTestProject-frameworks.sh\"\n";
			showEnvVarsInLog = 0;
		};
		DC8393BF6189BF5D6FC7ABD8 /* [CP] Copy Pods Resources */ = {
			isa = PBXShellScriptBuildPhase;
			buildActionMask = 2147483647;
			files = (
			);
			inputPaths = (
				"${SRCROOT}/Pods/Target Support Files/Pods-weexTestProject/Pods-weexTestProject-resources.sh",
				"${PODS_ROOT}/../ios/sdk/WeexSDK/Resources/main.js",
				"${PODS_ROOT}/../ios/sdk/WeexSDK/Resources/wx_load_error@3x.png",
			);
			name = "[CP] Copy Pods Resources";
			outputPaths = (
				"${TARGET_BUILD_DIR}/${UNLOCALIZED_RESOURCES_FOLDER_PATH}",
			);
			runOnlyForDeploymentPostprocessing = 0;
			shellPath = /bin/sh;
			shellScript = "\"${SRCROOT}/Pods/Target Support Files/Pods-weexTestProject/Pods-weexTestProject-resources.sh\"\n";
			showEnvVarsInLog = 0;
		};
/* End PBXShellScriptBuildPhase section */

/* Begin PBXSourcesBuildPhase section */
		F96429201FC3146C00C6AB3A /* Sources */ = {
			isa = PBXSourcesBuildPhase;
			buildActionMask = 2147483647;
			files = (
				F964292F1FC3146D00C6AB3A /* ViewController.m in Sources */,
				F964292C1FC3146D00C6AB3A /* AppDelegate.m in Sources */,
				F96429291FC3146C00C6AB3A /* main.m in Sources */,
			);
			runOnlyForDeploymentPostprocessing = 0;
		};
/* End PBXSourcesBuildPhase section */

/* Begin PBXVariantGroup section */
		F96429301FC3146D00C6AB3A /* Main.storyboard */ = {
			isa = PBXVariantGroup;
			children = (
				F96429311FC3146D00C6AB3A /* Base */,
			);
			name = Main.storyboard;
			sourceTree = "<group>";
		};
		F96429351FC3146D00C6AB3A /* LaunchScreen.storyboard */ = {
			isa = PBXVariantGroup;
			children = (
				F96429361FC3146D00C6AB3A /* Base */,
			);
			name = LaunchScreen.storyboard;
			sourceTree = "<group>";
		};
/* End PBXVariantGroup section */

/* Begin XCBuildConfiguration section */
		F96429391FC3146D00C6AB3A /* Debug */ = {
			isa = XCBuildConfiguration;
			buildSettings = {
				ALWAYS_SEARCH_USER_PATHS = NO;
				CLANG_ANALYZER_NONNULL = YES;
				CLANG_CXX_LANGUAGE_STANDARD = "gnu++0x";
				CLANG_CXX_LIBRARY = "libc++";
				CLANG_ENABLE_MODULES = YES;
				CLANG_ENABLE_OBJC_ARC = YES;
				CLANG_WARN_BOOL_CONVERSION = YES;
				CLANG_WARN_CONSTANT_CONVERSION = YES;
				CLANG_WARN_DIRECT_OBJC_ISA_USAGE = YES_ERROR;
				CLANG_WARN_EMPTY_BODY = YES;
				CLANG_WARN_ENUM_CONVERSION = YES;
				CLANG_WARN_INT_CONVERSION = YES;
				CLANG_WARN_OBJC_ROOT_CLASS = YES_ERROR;
				CLANG_WARN_UNREACHABLE_CODE = YES;
				CLANG_WARN__DUPLICATE_METHOD_MATCH = YES;
				"CODE_SIGN_IDENTITY[sdk=iphoneos*]" = "iPhone Developer";
				COPY_PHASE_STRIP = NO;
				DEBUG_INFORMATION_FORMAT = dwarf;
				ENABLE_STRICT_OBJC_MSGSEND = YES;
				ENABLE_TESTABILITY = YES;
				GCC_C_LANGUAGE_STANDARD = gnu99;
				GCC_DYNAMIC_NO_PIC = NO;
				GCC_NO_COMMON_BLOCKS = YES;
				GCC_OPTIMIZATION_LEVEL = 0;
				GCC_PREPROCESSOR_DEFINITIONS = (
					"DEBUG=1",
					"$(inherited)",
				);
				GCC_WARN_64_TO_32_BIT_CONVERSION = YES;
				GCC_WARN_ABOUT_RETURN_TYPE = YES_ERROR;
				GCC_WARN_UNDECLARED_SELECTOR = YES;
				GCC_WARN_UNINITIALIZED_AUTOS = YES_AGGRESSIVE;
				GCC_WARN_UNUSED_FUNCTION = YES;
				GCC_WARN_UNUSED_VARIABLE = YES;
				IPHONEOS_DEPLOYMENT_TARGET = 9.3;
				MTL_ENABLE_DEBUG_INFO = YES;
				ONLY_ACTIVE_ARCH = YES;
				SDKROOT = iphoneos;
				TARGETED_DEVICE_FAMILY = "1,2";
			};
			name = Debug;
		};
		F964293A1FC3146D00C6AB3A /* Release */ = {
			isa = XCBuildConfiguration;
			buildSettings = {
				ALWAYS_SEARCH_USER_PATHS = NO;
				CLANG_ANALYZER_NONNULL = YES;
				CLANG_CXX_LANGUAGE_STANDARD = "gnu++0x";
				CLANG_CXX_LIBRARY = "libc++";
				CLANG_ENABLE_MODULES = YES;
				CLANG_ENABLE_OBJC_ARC = YES;
				CLANG_WARN_BOOL_CONVERSION = YES;
				CLANG_WARN_CONSTANT_CONVERSION = YES;
				CLANG_WARN_DIRECT_OBJC_ISA_USAGE = YES_ERROR;
				CLANG_WARN_EMPTY_BODY = YES;
				CLANG_WARN_ENUM_CONVERSION = YES;
				CLANG_WARN_INT_CONVERSION = YES;
				CLANG_WARN_OBJC_ROOT_CLASS = YES_ERROR;
				CLANG_WARN_UNREACHABLE_CODE = YES;
				CLANG_WARN__DUPLICATE_METHOD_MATCH = YES;
				"CODE_SIGN_IDENTITY[sdk=iphoneos*]" = "iPhone Developer";
				COPY_PHASE_STRIP = NO;
				DEBUG_INFORMATION_FORMAT = "dwarf-with-dsym";
				ENABLE_NS_ASSERTIONS = NO;
				ENABLE_STRICT_OBJC_MSGSEND = YES;
				GCC_C_LANGUAGE_STANDARD = gnu99;
				GCC_NO_COMMON_BLOCKS = YES;
				GCC_WARN_64_TO_32_BIT_CONVERSION = YES;
				GCC_WARN_ABOUT_RETURN_TYPE = YES_ERROR;
				GCC_WARN_UNDECLARED_SELECTOR = YES;
				GCC_WARN_UNINITIALIZED_AUTOS = YES_AGGRESSIVE;
				GCC_WARN_UNUSED_FUNCTION = YES;
				GCC_WARN_UNUSED_VARIABLE = YES;
				IPHONEOS_DEPLOYMENT_TARGET = 9.3;
				MTL_ENABLE_DEBUG_INFO = NO;
				SDKROOT = iphoneos;
				TARGETED_DEVICE_FAMILY = "1,2";
				VALIDATE_PRODUCT = YES;
			};
			name = Release;
		};
		F964293C1FC3146D00C6AB3A /* Debug */ = {
			isa = XCBuildConfiguration;
			baseConfigurationReference = 6879F6B2F165DA4AA786F87F /* Pods-weexTestProject.debug.xcconfig */;
			buildSettings = {
				ASSETCATALOG_COMPILER_APPICON_NAME = AppIcon;
				INFOPLIST_FILE = weexTestProject/Info.plist;
				LD_RUNPATH_SEARCH_PATHS = "$(inherited) @executable_path/Frameworks";
				PRODUCT_BUNDLE_IDENTIFIER = com.yummanman.weexTestProject;
				PRODUCT_NAME = "$(TARGET_NAME)";
			};
			name = Debug;
		};
		F964293D1FC3146D00C6AB3A /* Release */ = {
			isa = XCBuildConfiguration;
			baseConfigurationReference = 8B8A35CEDBAF00958D197C25 /* Pods-weexTestProject.release.xcconfig */;
			buildSettings = {
				ASSETCATALOG_COMPILER_APPICON_NAME = AppIcon;
				INFOPLIST_FILE = weexTestProject/Info.plist;
				LD_RUNPATH_SEARCH_PATHS = "$(inherited) @executable_path/Frameworks";
				PRODUCT_BUNDLE_IDENTIFIER = com.yummanman.weexTestProject;
				PRODUCT_NAME = "$(TARGET_NAME)";
			};
			name = Release;
		};
/* End XCBuildConfiguration section */

/* Begin XCConfigurationList section */
		F964291F1FC3146C00C6AB3A /* Build configuration list for PBXProject "weexTestProject" */ = {
			isa = XCConfigurationList;
			buildConfigurations = (
				F96429391FC3146D00C6AB3A /* Debug */,
				F964293A1FC3146D00C6AB3A /* Release */,
			);
			defaultConfigurationIsVisible = 0;
			defaultConfigurationName = Release;
		};
		F964293B1FC3146D00C6AB3A /* Build configuration list for PBXNativeTarget "weexTestProject" */ = {
			isa = XCConfigurationList;
			buildConfigurations = (
				F964293C1FC3146D00C6AB3A /* Debug */,
				F964293D1FC3146D00C6AB3A /* Release */,
			);
			defaultConfigurationIsVisible = 0;
			defaultConfigurationName = Release;
		};
/* End XCConfigurationList section */
	};
	rootObject = F964291C1FC3146C00C6AB3A /* Project object */;
}
